
Microsoft Visual Studio Solution File, Format Version 12.00
# Visual Studio Version 17
VisualStudioVersion = 17.8.34525.116
MinimumVisualStudioVersion = 10.0.40219.1
Project("{2150E333-8FDC-42A3-9474-1A3956D46DE8}") = "Client", "Client", "{03F3682C-8C57-4929-ACE6-24F951ACF4F8}"
EndProject
Project("{2150E333-8FDC-42A3-9474-1A3956D46DE8}") = "Server", "Server", "{16387988-B3DA-4E1C-AD9E-0866EEB7D719}"
EndProject
Project("{2150E333-8FDC-42A3-9474-1A3956D46DE8}") = "Shaerd", "Shaerd", "{16044AE7-B09A-4E75-9450-0045C639EEA2}"
EndProject
Project("{9A19103F-16F7-4668-BE54-9A1E7A4F7556}") = "TakGhahWeb", "Client\TakGhahQeb\TakGhahWeb.csproj", "{675359DB-D355-4685-86C8-3956CC67C88E}"
EndProject
Project("{9A19103F-16F7-4668-BE54-9A1E7A4F7556}") = "TakGhahServer", "Server\TakGhahServer\TakGhahServer.csproj", "{69D6A1A2-6219-4B24-AF59-2648BE3A7B07}"
EndProject
Project("{9A19103F-16F7-4668-BE54-9A1E7A4F7556}") = "TakGhahCore", "Shaerd\TakGhahCore\TakGhahCore.csproj", "{47C8BA5A-09CA-494E-84C7-DE57E6810E4C}"
EndProject
Project("{9A19103F-16F7-4668-BE54-9A1E7A4F7556}") = "TakGhahDataLayer", "Server\TakGhahDataLayer\TakGhahDataLayer.csproj", "{054652CF-69D2-4AFB-BE98-DDFBC2853DE9}"
EndProject
Global
	GlobalSection(SolutionConfigurationPlatforms) = preSolution
		Debug|Any CPU = Debug|Any CPU
		Release|Any CPU = Release|Any CPU
	EndGlobalSection
	GlobalSection(ProjectConfigurationPlatforms) = postSolution
		{675359DB-D355-4685-86C8-3956CC67C88E}.Debug|Any CPU.ActiveCfg = Debug|Any CPU
		{675359DB-D355-4685-86C8-3956CC67C88E}.Debug|Any CPU.Build.0 = Debug|Any CPU
		{675359DB-D355-4685-86C8-3956CC67C88E}.Release|Any CPU.ActiveCfg = Release|Any CPU
		{675359DB-D355-4685-86C8-3956CC67C88E}.Release|Any CPU.Build.0 = Release|Any CPU
		{69D6A1A2-6219-4B24-AF59-2648BE3A7B07}.Debug|Any CPU.ActiveCfg = Debug|Any CPU
		{69D6A1A2-6219-4B24-AF59-2648BE3A7B07}.Debug|Any CPU.Build.0 = Debug|Any CPU
		{69D6A1A2-6219-4B24-AF59-2648BE3A7B07}.Release|Any CPU.ActiveCfg = Release|Any CPU
		{69D6A1A2-6219-4B24-AF59-2648BE3A7B07}.Release|Any CPU.Build.0 = Release|Any CPU
		{47C8BA5A-09CA-494E-84C7-DE57E6810E4C}.Debug|Any CPU.ActiveCfg = Debug|Any CPU
		{47C8BA5A-09CA-494E-84C7-DE57E6810E4C}.Debug|Any CPU.Build.0 = Debug|Any CPU
		{47C8BA5A-09CA-494E-84C7-DE57E6810E4C}.Release|Any CPU.ActiveCfg = Release|Any CPU
		{47C8BA5A-09CA-494E-84C7-DE57E6810E4C}.Release|Any CPU.Build.0 = Release|Any CPU
		{054652CF-69D2-4AFB-BE98-DDFBC2853DE9}.Debug|Any CPU.ActiveCfg = Debug|Any CPU
		{054652CF-69D2-4AFB-BE98-DDFBC2853DE9}.Debug|Any CPU.Build.0 = Debug|Any CPU
		{054652CF-69D2-4AFB-BE98-DDFBC2853DE9}.Release|Any CPU.ActiveCfg = Release|Any CPU
		{054652CF-69D2-4AFB-BE98-DDFBC2853DE9}.Release|Any CPU.Build.0 = Release|Any CPU
	EndGlobalSection
	GlobalSection(SolutionProperties) = preSolution
		HideSolutionNode = FALSE
	EndGlobalSection
	GlobalSection(NestedProjects) = preSolution
		{675359DB-D355-4685-86C8-3956CC67C88E} = {03F3682C-8C57-4929-ACE6-24F951ACF4F8}
		{69D6A1A2-6219-4B24-AF59-2648BE3A7B07} = {16387988-B3DA-4E1C-AD9E-0866EEB7D719}
		{47C8BA5A-09CA-494E-84C7-DE57E6810E4C} = {16044AE7-B09A-4E75-9450-0045C639EEA2}
		{054652CF-69D2-4AFB-BE98-DDFBC2853DE9} = {16387988-B3DA-4E1C-AD9E-0866EEB7D719}
	EndGlobalSection
	GlobalSection(ExtensibilityGlobals) = postSolution
		SolutionGuid = {937FF650-74FF-49C1-A4A8-A5A85598497D}
	EndGlobalSection
EndGlobal
